
Microsoft Visual Studio Solution File, Format Version 12.00
# Visual Studio Version 17
VisualStudioVersion = 17.1.32210.238
MinimumVisualStudioVersion = 10.0.40219.1
Project("{FAE04EC0-301F-11D3-BF4B-00C04F79EFBC}") = "listener", "listener.csproj", "{37FC23A7-A822-4C8E-A83C-E4387069E4E9}"
EndProject
Project("{FAE04EC0-301F-11D3-BF4B-00C04F79EFBC}") = "ClientTransfer", "..\ClientTransfer\ClientTransfer.csproj", "{AF7903AA-6EBC-4695-A073-327FCE562C5B}"
EndProject
Project("{FAE04EC0-301F-11D3-BF4B-00C04F79EFBC}") = "Transmission", "..\Transmission\Transmission.csproj", "{94BA4F95-9FE4-485B-94B2-86E3CC9D3D94}"
EndProject
Project("{FAE04EC0-301F-11D3-BF4B-00C04F79EFBC}") = "WpfUI", "..\WpfUI\WpfUI.csproj", "{41563491-F042-482F-B682-276207D22683}"
EndProject
Global
	GlobalSection(SolutionConfigurationPlatforms) = preSolution
		Debug|Any CPU = Debug|Any CPU
		Release|Any CPU = Release|Any CPU
	EndGlobalSection
	GlobalSection(ProjectConfigurationPlatforms) = postSolution
		{37FC23A7-A822-4C8E-A83C-E4387069E4E9}.Debug|Any CPU.ActiveCfg = Debug|Any CPU
		{37FC23A7-A822-4C8E-A83C-E4387069E4E9}.Debug|Any CPU.Build.0 = Debug|Any CPU
		{37FC23A7-A822-4C8E-A83C-E4387069E4E9}.Release|Any CPU.ActiveCfg = Release|Any CPU
		{37FC23A7-A822-4C8E-A83C-E4387069E4E9}.Release|Any CPU.Build.0 = Release|Any CPU
		{AF7903AA-6EBC-4695-A073-327FCE562C5B}.Debug|Any CPU.ActiveCfg = Debug|Any CPU
		{AF7903AA-6EBC-4695-A073-327FCE562C5B}.Debug|Any CPU.Build.0 = Debug|Any CPU
		{AF7903AA-6EBC-4695-A073-327FCE562C5B}.Release|Any CPU.ActiveCfg = Release|Any CPU
		{AF7903AA-6EBC-4695-A073-327FCE562C5B}.Release|Any CPU.Build.0 = Release|Any CPU
		{94BA4F95-9FE4-485B-94B2-86E3CC9D3D94}.Debug|Any CPU.ActiveCfg = Debug|Any CPU
		{94BA4F95-9FE4-485B-94B2-86E3CC9D3D94}.Debug|Any CPU.Build.0 = Debug|Any CPU
		{94BA4F95-9FE4-485B-94B2-86E3CC9D3D94}.Release|Any CPU.ActiveCfg = Release|Any CPU
		{94BA4F95-9FE4-485B-94B2-86E3CC9D3D94}.Release|Any CPU.Build.0 = Release|Any CPU
		{41563491-F042-482F-B682-276207D22683}.Debug|Any CPU.ActiveCfg = Debug|Any CPU
		{41563491-F042-482F-B682-276207D22683}.Debug|Any CPU.Build.0 = Debug|Any CPU
		{41563491-F042-482F-B682-276207D22683}.Release|Any CPU.ActiveCfg = Release|Any CPU
		{41563491-F042-482F-B682-276207D22683}.Release|Any CPU.Build.0 = Release|Any CPU
	EndGlobalSection
	GlobalSection(SolutionProperties) = preSolution
		HideSolutionNode = FALSE
	EndGlobalSection
	GlobalSection(ExtensibilityGlobals) = postSolution
		SolutionGuid = {7783CC00-40AC-455B-BB45-794A0FF8D642}
	EndGlobalSection
EndGlobal
